
Microsoft Visual Studio Solution File, Format Version 12.00
# Visual Studio Version 16
VisualStudioVersion = 16.0.28701.123
MinimumVisualStudioVersion = 10.0.40219.1
Project("{9A19103F-16F7-4668-BE54-9A1E7A4F7556}") = "apigateway-signature", "apigateway-signature\apigateway-signature.csproj", "{B5737CBA-A792-4CC5-A287-B0462FA853A6}"
EndProject
Project("{FAE04EC0-301F-11D3-BF4B-00C04F79EFBC}") = "sdk-request", "sdk-request\sdk-request.csproj", "{E3A751DE-E9B1-4C43-BCC9-F879CDD440E4}"
EndProject
Global
	GlobalSection(SolutionConfigurationPlatforms) = preSolution
		Debug|Any CPU = Debug|Any CPU
		Release|Any CPU = Release|Any CPU
	EndGlobalSection
	GlobalSection(ProjectConfigurationPlatforms) = postSolution
		{B5737CBA-A792-4CC5-A287-B0462FA853A6}.Debug|Any CPU.ActiveCfg = Debug|Any CPU
		{B5737CBA-A792-4CC5-A287-B0462FA853A6}.Debug|Any CPU.Build.0 = Debug|Any CPU
		{B5737CBA-A792-4CC5-A287-B0462FA853A6}.Release|Any CPU.ActiveCfg = Release|Any CPU
		{B5737CBA-A792-4CC5-A287-B0462FA853A6}.Release|Any CPU.Build.0 = Release|Any CPU
		{E3A751DE-E9B1-4C43-BCC9-F879CDD440E4}.Debug|Any CPU.ActiveCfg = Debug|Any CPU
		{E3A751DE-E9B1-4C43-BCC9-F879CDD440E4}.Debug|Any CPU.Build.0 = Debug|Any CPU
		{E3A751DE-E9B1-4C43-BCC9-F879CDD440E4}.Release|Any CPU.ActiveCfg = Release|Any CPU
		{E3A751DE-E9B1-4C43-BCC9-F879CDD440E4}.Release|Any CPU.Build.0 = Release|Any CPU
	EndGlobalSection
	GlobalSection(SolutionProperties) = preSolution
		HideSolutionNode = FALSE
	EndGlobalSection
	GlobalSection(ExtensibilityGlobals) = postSolution
		SolutionGuid = {C72B6331-6FCD-4549-8E57-A5400B1B5665}
	EndGlobalSection
EndGlobal
